// !$*UTF8*$!
{
	archiveVersion = 1;
	classes = {
	};
	objectVersion = 50;
	objects = {

/* Begin PBXBuildFile section */
		439F7AC42567AEB60051330E /* SwiftUICarousel1App.swift in Sources */ = {isa = PBXBuildFile; fileRef = 439F7AC32567AEB60051330E /* SwiftUICarousel1App.swift */; };
		439F7AC62567AEB60051330E /* ContentView.swift in Sources */ = {isa = PBXBuildFile; fileRef = 439F7AC52567AEB60051330E /* ContentView.swift */; };
		439F7AC82567AEB90051330E /* Assets.xcassets in Resources */ = {isa = PBXBuildFile; fileRef = 439F7AC72567AEB90051330E /* Assets.xcassets */; };
		439F7ACB2567AEB90051330E /* Preview Assets.xcassets in Resources */ = {isa = PBXBuildFile; fileRef = 439F7ACA2567AEB90051330E /* Preview Assets.xcassets */; };
		439F7AD82567B15F0051330E /* TripCardView.swift in Sources */ = {isa = PBXBuildFile; fileRef = 439F7AD72567B15F0051330E /* TripCardView.swift */; };
/* End PBXBuildFile section */

/* Begin PBXFileReference section */
		439F7AC02567AEB60051330E /* SwiftUICarousel1.app */ = {isa = PBXFileReference; explicitFileType = wrapper.application; includeInIndex = 0; path = SwiftUICarousel1.app; sourceTree = BUILT_PRODUCTS_DIR; };
		439F7AC32567AEB60051330E /* SwiftUICarousel1App.swift */ = {isa = PBXFileReference; lastKnownFileType = sourcecode.swift; path = SwiftUICarousel1App.swift; sourceTree = "<group>"; };
		439F7AC52567AEB60051330E /* ContentView.swift */ = {isa = PBXFileReference; lastKnownFileType = sourcecode.swift; path = ContentView.swift; sourceTree = "<group>"; };
		439F7AC72567AEB90051330E /* Assets.xcassets */ = {isa = PBXFileReference; lastKnownFileType = folder.assetcatalog; path = Assets.xcassets; sourceTree = "<group>"; };
		439F7ACA2567AEB90051330E /* Preview Assets.xcassets */ = {isa = PBXFileReference; lastKnownFileType = folder.assetcatalog; path = "Preview Assets.xcassets"; sourceTree = "<group>"; };
		439F7ACC2567AEB90051330E /* Info.plist */ = {isa = PBXFileReference; lastKnownFileType = text.plist.xml; path = Info.plist; sourceTree = "<group>"; };
		439F7AD72567B15F0051330E /* TripCardView.swift */ = {isa = PBXFileReference; lastKnownFileType = sourcecode.swift; path = TripCardView.swift; sourceTree = "<group>"; };
/* End PBXFileReference section */

/* Begin PBXFrameworksBuildPhase section */
		439F7ABD2567AEB60051330E /* Frameworks */ = {
			isa = PBXFrameworksBuildPhase;
			buildActionMask = 2147483647;
			files = (
			);
			runOnlyForDeploymentPostprocessing = 0;
		};
/* End PBXFrameworksBuildPhase section */

/* Begin PBXGroup section */
		439F7AB72567AEB60051330E = {
			isa = PBXGroup;
			children = (
				439F7AC22567AEB60051330E /* SwiftUICarousel1 */,
				439F7AC12567AEB60051330E /* Products */,
			);
			sourceTree = "<group>";
		};
		439F7AC12567AEB60051330E /* Products */ = {
			isa = PBXGroup;
			children = (
				439F7AC02567AEB60051330E /* SwiftUICarousel1.app */,
			);
			name = Products;
			sourceTree = "<group>";
		};
		439F7AC22567AEB60051330E /* SwiftUICarousel1 */ = {
			isa = PBXGroup;
			children = (
				439F7AD32567AF410051330E /* View */,
				439F7AC32567AEB60051330E /* SwiftUICarousel1App.swift */,
				439F7AC72567AEB90051330E /* Assets.xcassets */,
				439F7ACC2567AEB90051330E /* Info.plist */,
				439F7AC92567AEB90051330E /* Preview Content */,
			);
			path = SwiftUICarousel1;
			sourceTree = "<group>";
		};
		439F7AC92567AEB90051330E /* Preview Content */ = {
			isa = PBXGroup;
			children = (
				439F7ACA2567AEB90051330E /* Preview Assets.xcassets */,
			);
			path = "Preview Content";
			sourceTree = "<group>";
		};
		439F7AD32567AF410051330E /* View */ = {
			isa = PBXGroup;
			children = (
				439F7AC52567AEB60051330E /* ContentView.swift */,
				439F7AD72567B15F0051330E /* TripCardView.swift */,
			);
			path = View;
			sourceTree = "<group>";
		};
/* End PBXGroup section */

/* Begin PBXNativeTarget section */
		439F7ABF2567AEB60051330E /* SwiftUICarousel1 */ = {
			isa = PBXNativeTarget;
			buildConfigurationList = 439F7ACF2567AEB90051330E /* Build configuration list for PBXNativeTarget "SwiftUICarousel1" */;
			buildPhases = (
				439F7ABC2567AEB60051330E /* Sources */,
				439F7ABD2567AEB60051330E /* Frameworks */,
				439F7ABE2567AEB60051330E /* Resources */,
			);
			buildRules = (
			);
			dependencies = (
			);
			name = SwiftUICarousel1;
			productName = SwiftUICarousel1;
			productReference = 439F7AC02567AEB60051330E /* SwiftUICarousel1.app */;
			productType = "com.apple.product-type.application";
		};
/* End PBXNativeTarget section */

/* Begin PBXProject section */
		439F7AB82567AEB60051330E /* Project object */ = {
			isa = PBXProject;
			attributes = {
				LastSwiftUpdateCheck = 1220;
				LastUpgradeCheck = 1220;
				TargetAttributes = {
					439F7ABF2567AEB60051330E = {
						CreatedOnToolsVersion = 12.2;
					};
				};
			};
			buildConfigurationList = 439F7ABB2567AEB60051330E /* Build configuration list for PBXProject "SwiftUICarousel1" */;
			compatibilityVersion = "Xcode 9.3";
			developmentRegion = en;
			hasScannedForEncodings = 0;
			knownRegions = (
				en,
				Base,
			);
			mainGroup = 439F7AB72567AEB60051330E;
			productRefGroup = 439F7AC12567AEB60051330E /* Products */;
			projectDirPath = "";
			projectRoot = "";
			targets = (
				439F7ABF2567AEB60051330E /* SwiftUICarousel1 */,
			);
		};
/* End PBXProject section */

/* Begin PBXResourcesBuildPhase section */
		439F7ABE2567AEB60051330E /* Resources */ = {
			isa = PBXResourcesBuildPhase;
			buildActionMask = 2147483647;
			files = (
				439F7ACB2567AEB90051330E /* Preview Assets.xcassets in Resources */,
				439F7AC82567AEB90051330E /* Assets.xcassets in Resources */,
			);
			runOnlyForDeploymentPostprocessing = 0;
		};
/* End PBXResourcesBuildPhase section */

/* Begin PBXSourcesBuildPhase section */
		439F7ABC2567AEB60051330E /* Sources */ = {
			isa = PBXSourcesBuildPhase;
			buildActionMask = 2147483647;
			files = (
				439F7AC62567AEB60051330E /* ContentView.swift in Sources */,
				439F7AC42567AEB60051330E /* SwiftUICarousel1App.swift in Sources */,
				439F7AD82567B15F0051330E /* TripCardView.swift in Sources */,
			);
			runOnlyForDeploymentPostprocessing = 0;
		};
/* End PBXSourcesBuildPhase section */

/* Begin XCBuildConfiguration section */
		439F7ACD2567AEB90051330E /* Debug */ = {
			isa = XCBuildConfiguration;
			buildSettings = {
				ALWAYS_SEARCH_USER_PATHS = NO;
				CLANG_ANALYZER_NONNULL = YES;
				CLANG_ANALYZER_NUMBER_OBJECT_CONVERSION = YES_AGGRESSIVE;
				CLANG_CXX_LANGUAGE_STANDARD = "gnu++14";
				CLANG_CXX_LIBRARY = "libc++";
				CLANG_ENABLE_MODULES = YES;
				CLANG_ENABLE_OBJC_ARC = YES;
				CLANG_ENABLE_OBJC_WEAK = YES;
				CLANG_WARN_BLOCK_CAPTURE_AUTORELEASING = YES;
				CLANG_WARN_BOOL_CONVERSION = YES;
				CLANG_WARN_COMMA = YES;
				CLANG_WARN_CONSTANT_CONVERSION = YES;
				CLANG_WARN_DEPRECATED_OBJC_IMPLEMENTATIONS = YES;
				CLANG_WARN_DIRECT_OBJC_ISA_USAGE = YES_ERROR;
				CLANG_WARN_DOCUMENTATION_COMMENTS = YES;
				CLANG_WARN_EMPTY_BODY = YES;
				CLANG_WARN_ENUM_CONVERSION = YES;
				CLANG_WARN_INFINITE_RECURSION = YES;
				CLANG_WARN_INT_CONVERSION = YES;
				CLANG_WARN_NON_LITERAL_NULL_CONVERSION = YES;
				CLANG_WARN_OBJC_IMPLICIT_RETAIN_SELF = YES;
				CLANG_WARN_OBJC_LITERAL_CONVERSION = YES;
				CLANG_WARN_OBJC_ROOT_CLASS = YES_ERROR;
				CLANG_WARN_QUOTED_INCLUDE_IN_FRAMEWORK_HEADER = YES;
				CLANG_WARN_RANGE_LOOP_ANALYSIS = YES;
				CLANG_WARN_STRICT_PROTOTYPES = YES;
				CLANG_WARN_SUSPICIOUS_MOVE = YES;
				CLANG_WARN_UNGUARDED_AVAILABILITY = YES_AGGRESSIVE;
				CLANG_WARN_UNREACHABLE_CODE = YES;
				CLANG_WARN__DUPLICATE_METHOD_MATCH = YES;
				COPY_PHASE_STRIP = NO;
				DEBUG_INFORMATION_FORMAT = dwarf;
				ENABLE_STRICT_OBJC_MSGSEND = YES;
				ENABLE_TESTABILITY = YES;
				GCC_C_LANGUAGE_STANDARD = gnu11;
				GCC_DYNAMIC_NO_PIC = NO;
				GCC_NO_COMMON_BLOCKS = YES;
				GCC_OPTIMIZATION_LEVEL = 0;
				GCC_PREPROCESSOR_DEFINITIONS = (
					"DEBUG=1",
					"$(inherited)",
				);
				GCC_WARN_64_TO_32_BIT_CONVERSION = YES;
				GCC_WARN_ABOUT_RETURN_TYPE = YES_ERROR;
				GCC_WARN_UNDECLARED_SELECTOR = YES;
				GCC_WARN_UNINITIALIZED_AUTOS = YES_AGGRESSIVE;
				GCC_WARN_UNUSED_FUNCTION = YES;
				GCC_WARN_UNUSED_VARIABLE = YES;
				IPHONEOS_DEPLOYMENT_TARGET = 14.2;
				MTL_ENABLE_DEBUG_INFO = INCLUDE_SOURCE;
				MTL_FAST_MATH = YES;
				ONLY_ACTIVE_ARCH = YES;
				SDKROOT = iphoneos;
				SWIFT_ACTIVE_COMPILATION_CONDITIONS = DEBUG;
				SWIFT_OPTIMIZATION_LEVEL = "-Onone";
			};
			name = Debug;
		};
		439F7ACE2567AEB90051330E /* Release */ = {
			isa = XCBuildConfiguration;
			buildSettings = {
				ALWAYS_SEARCH_USER_PATHS = NO;
				CLANG_ANALYZER_NONNULL = YES;
				CLANG_ANALYZER_NUMBER_OBJECT_CONVERSION = YES_AGGRESSIVE;
				CLANG_CXX_LANGUAGE_STANDARD = "gnu++14";
				CLANG_CXX_LIBRARY = "libc++";
				CLANG_ENABLE_MODULES = YES;
				CLANG_ENABLE_OBJC_ARC = YES;
				CLANG_ENABLE_OBJC_WEAK = YES;
				CLANG_WARN_BLOCK_CAPTURE_AUTORELEASING = YES;
				CLANG_WARN_BOOL_CONVERSION = YES;
				CLANG_WARN_COMMA = YES;
				CLANG_WARN_CONSTANT_CONVERSION = YES;
				CLANG_WARN_DEPRECATED_OBJC_IMPLEMENTATIONS = YES;
				CLANG_WARN_DIRECT_OBJC_ISA_USAGE = YES_ERROR;
				CLANG_WARN_DOCUMENTATION_COMMENTS = YES;
				CLANG_WARN_EMPTY_BODY = YES;
				CLANG_WARN_ENUM_CONVERSION = YES;
				CLANG_WARN_INFINITE_RECURSION = YES;
				CLANG_WARN_INT_CONVERSION = YES;
				CLANG_WARN_NON_LITERAL_NULL_CONVERSION = YES;
				CLANG_WARN_OBJC_IMPLICIT_RETAIN_SELF = YES;
				CLANG_WARN_OBJC_LITERAL_CONVERSION = YES;
				CLANG_WARN_OBJC_ROOT_CLASS = YES_ERROR;
				CLANG_WARN_QUOTED_INCLUDE_IN_FRAMEWORK_HEADER = YES;
				CLANG_WARN_RANGE_LOOP_ANALYSIS = YES;
				CLANG_WARN_STRICT_PROTOTYPES = YES;
				CLANG_WARN_SUSPICIOUS_MOVE = YES;
				CLANG_WARN_UNGUARDED_AVAILABILITY = YES_AGGRESSIVE;
				CLANG_WARN_UNREACHABLE_CODE = YES;
				CLANG_WARN__DUPLICATE_METHOD_MATCH = YES;
				COPY_PHASE_STRIP = NO;
				DEBUG_INFORMATION_FORMAT = "dwarf-with-dsym";
				ENABLE_NS_ASSERTIONS = NO;
				ENABLE_STRICT_OBJC_MSGSEND = YES;
				GCC_C_LANGUAGE_STANDARD = gnu11;
				GCC_NO_COMMON_BLOCKS = YES;
				GCC_WARN_64_TO_32_BIT_CONVERSION = YES;
				GCC_WARN_ABOUT_RETURN_TYPE = YES_ERROR;
				GCC_WARN_UNDECLARED_SELECTOR = YES;
				GCC_WARN_UNINITIALIZED_AUTOS = YES_AGGRESSIVE;
				GCC_WARN_UNUSED_FUNCTION = YES;
				GCC_WARN_UNUSED_VARIABLE = YES;
				IPHONEOS_DEPLOYMENT_TARGET = 14.2;
				MTL_ENABLE_DEBUG_INFO = NO;
				MTL_FAST_MATH = YES;
				SDKROOT = iphoneos;
				SWIFT_COMPILATION_MODE = wholemodule;
				SWIFT_OPTIMIZATION_LEVEL = "-O";
				VALIDATE_PRODUCT = YES;
			};
			name = Release;
		};
		439F7AD02567AEB90051330E /* Debug */ = {
			isa = XCBuildConfiguration;
			buildSettings = {
				ASSETCATALOG_COMPILER_APPICON_NAME = AppIcon;
				ASSETCATALOG_COMPILER_GLOBAL_ACCENT_COLOR_NAME = AccentColor;
				CODE_SIGN_STYLE = Automatic;
				DEVELOPMENT_ASSET_PATHS = "\"SwiftUICarousel1/Preview Content\"";
				DEVELOPMENT_TEAM = 32YYVKLT7P;
				ENABLE_PREVIEWS = YES;
				INFOPLIST_FILE = SwiftUICarousel1/Info.plist;
				IPHONEOS_DEPLOYMENT_TARGET = 14.0;
				LD_RUNPATH_SEARCH_PATHS = (
					"$(inherited)",
					"@executable_path/Frameworks",
				);
				PRODUCT_BUNDLE_IDENTIFIER = com.andreeaandro.SwiftUICarousel1;
				PRODUCT_NAME = "$(TARGET_NAME)";
				SWIFT_VERSION = 5.0;
				TARGETED_DEVICE_FAMILY = "1,2";
			};
			name = Debug;
		};
		439F7AD12567AEB90051330E /* Release */ = {
			isa = XCBuildConfiguration;
			buildSettings = {
				ASSETCATALOG_COMPILER_APPICON_NAME = AppIcon;
				ASSETCATALOG_COMPILER_GLOBAL_ACCENT_COLOR_NAME = AccentColor;
				CODE_SIGN_STYLE = Automatic;
				DEVELOPMENT_ASSET_PATHS = "\"SwiftUICarousel1/Preview Content\"";
				DEVELOPMENT_TEAM = 32YYVKLT7P;
				ENABLE_PREVIEWS = YES;
				INFOPLIST_FILE = SwiftUICarousel1/Info.plist;
				IPHONEOS_DEPLOYMENT_TARGET = 14.0;
				LD_RUNPATH_SEARCH_PATHS = (
					"$(inherited)",
					"@executable_path/Frameworks",
				);
				PRODUCT_BUNDLE_IDENTIFIER = com.andreeaandro.SwiftUICarousel1;
				PRODUCT_NAME = "$(TARGET_NAME)";
				SWIFT_VERSION = 5.0;
				TARGETED_DEVICE_FAMILY = "1,2";
			};
			name = Release;
		};
/* End XCBuildConfiguration section */

/* Begin XCConfigurationList section */
		439F7ABB2567AEB60051330E /* Build configuration list for PBXProject "SwiftUICarousel1" */ = {
			isa = XCConfigurationList;
			buildConfigurations = (
				439F7ACD2567AEB90051330E /* Debug */,
				439F7ACE2567AEB90051330E /* Release */,
			);
			defaultConfigurationIsVisible = 0;
			defaultConfigurationName = Release;
		};
		439F7ACF2567AEB90051330E /* Build configuration list for PBXNativeTarget "SwiftUICarousel1" */ = {
			isa = XCConfigurationList;
			buildConfigurations = (
				439F7AD02567AEB90051330E /* Debug */,
				439F7AD12567AEB90051330E /* Release */,
			);
			defaultConfigurationIsVisible = 0;
			defaultConfigurationName = Release;
		};
/* End XCConfigurationList section */
	};
	rootObject = 439F7AB82567AEB60051330E /* Project object */;
}
